
Microsoft Visual Studio Solution File, Format Version 12.00
Project("{2150E333-8FDC-42A3-9474-1A3956D46DE8}") = "src", "src", "{D7C65282-C4C8-47F1-8B86-2E0E7B059334}"
EndProject
Project("{2150E333-8FDC-42A3-9474-1A3956D46DE8}") = "test", "test", "{434AF4A4-3E43-4E94-9661-DAC7036AC4F4}"
EndProject
Project("{2150E333-8FDC-42A3-9474-1A3956D46DE8}") = "2 - Application", "2 - Application", "{A42DFEA6-A028-4A23-9CF7-7B86DF35AF1B}"
EndProject
Project("{2150E333-8FDC-42A3-9474-1A3956D46DE8}") = "3 - Domain", "3 - Domain", "{839FEDDE-1202-46E5-9A99-2E47D6A60F45}"
EndProject
Project("{2150E333-8FDC-42A3-9474-1A3956D46DE8}") = "4 - Infra", "4 - Infra", "{F1DDB24D-B1E3-4BAC-B094-FF7FC82C0321}"
EndProject
Project("{2150E333-8FDC-42A3-9474-1A3956D46DE8}") = "1 - Presenter", "1 - Presenter", "{C962D22D-069E-4104-9A04-4FAC4F37B9E3}"
EndProject
Project("{FAE04EC0-301F-11D3-BF4B-00C04F79EFBC}") = "Lab.Customers.Api", "src\Lab.Customers.Api\Lab.Customers.Api.csproj", "{10B12BFA-2467-4006-A624-000BB38DD4E0}"
EndProject
Project("{FAE04EC0-301F-11D3-BF4B-00C04F79EFBC}") = "Lab.Customers.Application", "src\Lab.Customers.Application\Lab.Customers.Application.csproj", "{B9B992EE-C399-4B5F-A89E-3A99BB1E953B}"
EndProject
Project("{FAE04EC0-301F-11D3-BF4B-00C04F79EFBC}") = "Lab.Customers.Domain", "src\Lab.Customers.Domain\Lab.Customers.Domain.csproj", "{5E48DE31-3E43-4819-A5E3-3780072E0AC6}"
EndProject
Project("{FAE04EC0-301F-11D3-BF4B-00C04F79EFBC}") = "Lab.Customers.Infra", "src\Lab.Customers.Infra\Lab.Customers.Infra.csproj", "{853EC5A9-F506-482A-AB19-FA39B0102AE8}"
EndProject
Project("{FAE04EC0-301F-11D3-BF4B-00C04F79EFBC}") = "Lab.Core.Commons", "src\Lab.Core.Commons\Lab.Core.Commons.csproj", "{572830FE-1AB7-4803-86C4-B87CCB45947B}"
EndProject
Project("{2150E333-8FDC-42A3-9474-1A3956D46DE8}") = "Building Blocks", "Building Blocks", "{2A8348BD-7859-4F8F-B933-35F8F0C3FDE7}"
EndProject
Project("{FAE04EC0-301F-11D3-BF4B-00C04F79EFBC}") = "Lab.WebApi.Core", "src\Lab.WebApi.Core\Lab.WebApi.Core.csproj", "{0EA88401-BA7C-4B93-BF49-4755236A67DB}"
EndProject
Project("{2150E333-8FDC-42A3-9474-1A3956D46DE8}") = "deploy", "deploy", "{DE28013B-9568-4B91-9DD8-AC3636BD548B}"
	ProjectSection(SolutionItems) = preProject
		deploy\init.sql = deploy\init.sql
	EndProjectSection
EndProject
Project("{2150E333-8FDC-42A3-9474-1A3956D46DE8}") = "2 - Application", "2 - Application", "{D74FE831-A2BB-45C8-96C1-B936AD7D279B}"
EndProject
Project("{2150E333-8FDC-42A3-9474-1A3956D46DE8}") = "3 - Domain", "3 - Domain", "{858095F6-EEAE-4FF1-A179-DDC3B73DCB8A}"
EndProject
Project("{FAE04EC0-301F-11D3-BF4B-00C04F79EFBC}") = "Lab.Customers.Application.Test", "test\Lab.Customers.Application.Test\Lab.Customers.Application.Test.csproj", "{E556143C-EF81-4DEA-9585-7BE5DC96C5F0}"
EndProject
Project("{FAE04EC0-301F-11D3-BF4B-00C04F79EFBC}") = "Lab.Customers.Domain.Test", "test\Lab.Customers.Domain.Test\Lab.Customers.Domain.Test.csproj", "{9B7EBBCD-E9A4-484F-A925-8F761B7E30A6}"
EndProject
Project("{FAE04EC0-301F-11D3-BF4B-00C04F79EFBC}") = "Lab.Customers.Infra.Telemetry", "src\Lab.Customers.Infra.Telemetry\Lab.Customers.Infra.Telemetry.csproj", "{96D40AB3-14FB-4139-A16B-66052BE33DAF}"
EndProject
Global
	GlobalSection(SolutionConfigurationPlatforms) = preSolution
		Debug|Any CPU = Debug|Any CPU
		Release|Any CPU = Release|Any CPU
	EndGlobalSection
	GlobalSection(NestedProjects) = preSolution
		{A42DFEA6-A028-4A23-9CF7-7B86DF35AF1B} = {D7C65282-C4C8-47F1-8B86-2E0E7B059334}
		{839FEDDE-1202-46E5-9A99-2E47D6A60F45} = {D7C65282-C4C8-47F1-8B86-2E0E7B059334}
		{F1DDB24D-B1E3-4BAC-B094-FF7FC82C0321} = {D7C65282-C4C8-47F1-8B86-2E0E7B059334}
		{C962D22D-069E-4104-9A04-4FAC4F37B9E3} = {D7C65282-C4C8-47F1-8B86-2E0E7B059334}
		{10B12BFA-2467-4006-A624-000BB38DD4E0} = {C962D22D-069E-4104-9A04-4FAC4F37B9E3}
		{B9B992EE-C399-4B5F-A89E-3A99BB1E953B} = {A42DFEA6-A028-4A23-9CF7-7B86DF35AF1B}
		{5E48DE31-3E43-4819-A5E3-3780072E0AC6} = {839FEDDE-1202-46E5-9A99-2E47D6A60F45}
		{853EC5A9-F506-482A-AB19-FA39B0102AE8} = {F1DDB24D-B1E3-4BAC-B094-FF7FC82C0321}
		{2A8348BD-7859-4F8F-B933-35F8F0C3FDE7} = {D7C65282-C4C8-47F1-8B86-2E0E7B059334}
		{572830FE-1AB7-4803-86C4-B87CCB45947B} = {2A8348BD-7859-4F8F-B933-35F8F0C3FDE7}
		{0EA88401-BA7C-4B93-BF49-4755236A67DB} = {2A8348BD-7859-4F8F-B933-35F8F0C3FDE7}
		{D74FE831-A2BB-45C8-96C1-B936AD7D279B} = {434AF4A4-3E43-4E94-9661-DAC7036AC4F4}
		{858095F6-EEAE-4FF1-A179-DDC3B73DCB8A} = {434AF4A4-3E43-4E94-9661-DAC7036AC4F4}
		{E556143C-EF81-4DEA-9585-7BE5DC96C5F0} = {D74FE831-A2BB-45C8-96C1-B936AD7D279B}
		{9B7EBBCD-E9A4-484F-A925-8F761B7E30A6} = {858095F6-EEAE-4FF1-A179-DDC3B73DCB8A}
		{96D40AB3-14FB-4139-A16B-66052BE33DAF} = {F1DDB24D-B1E3-4BAC-B094-FF7FC82C0321}
	EndGlobalSection
	GlobalSection(ProjectConfigurationPlatforms) = postSolution
		{10B12BFA-2467-4006-A624-000BB38DD4E0}.Debug|Any CPU.ActiveCfg = Debug|Any CPU
		{10B12BFA-2467-4006-A624-000BB38DD4E0}.Debug|Any CPU.Build.0 = Debug|Any CPU
		{10B12BFA-2467-4006-A624-000BB38DD4E0}.Release|Any CPU.ActiveCfg = Release|Any CPU
		{10B12BFA-2467-4006-A624-000BB38DD4E0}.Release|Any CPU.Build.0 = Release|Any CPU
		{B9B992EE-C399-4B5F-A89E-3A99BB1E953B}.Debug|Any CPU.ActiveCfg = Debug|Any CPU
		{B9B992EE-C399-4B5F-A89E-3A99BB1E953B}.Debug|Any CPU.Build.0 = Debug|Any CPU
		{B9B992EE-C399-4B5F-A89E-3A99BB1E953B}.Release|Any CPU.ActiveCfg = Release|Any CPU
		{B9B992EE-C399-4B5F-A89E-3A99BB1E953B}.Release|Any CPU.Build.0 = Release|Any CPU
		{5E48DE31-3E43-4819-A5E3-3780072E0AC6}.Debug|Any CPU.ActiveCfg = Debug|Any CPU
		{5E48DE31-3E43-4819-A5E3-3780072E0AC6}.Debug|Any CPU.Build.0 = Debug|Any CPU
		{5E48DE31-3E43-4819-A5E3-3780072E0AC6}.Release|Any CPU.ActiveCfg = Release|Any CPU
		{5E48DE31-3E43-4819-A5E3-3780072E0AC6}.Release|Any CPU.Build.0 = Release|Any CPU
		{853EC5A9-F506-482A-AB19-FA39B0102AE8}.Debug|Any CPU.ActiveCfg = Debug|Any CPU
		{853EC5A9-F506-482A-AB19-FA39B0102AE8}.Debug|Any CPU.Build.0 = Debug|Any CPU
		{853EC5A9-F506-482A-AB19-FA39B0102AE8}.Release|Any CPU.ActiveCfg = Release|Any CPU
		{853EC5A9-F506-482A-AB19-FA39B0102AE8}.Release|Any CPU.Build.0 = Release|Any CPU
		{572830FE-1AB7-4803-86C4-B87CCB45947B}.Debug|Any CPU.ActiveCfg = Debug|Any CPU
		{572830FE-1AB7-4803-86C4-B87CCB45947B}.Debug|Any CPU.Build.0 = Debug|Any CPU
		{572830FE-1AB7-4803-86C4-B87CCB45947B}.Release|Any CPU.ActiveCfg = Release|Any CPU
		{572830FE-1AB7-4803-86C4-B87CCB45947B}.Release|Any CPU.Build.0 = Release|Any CPU
		{0EA88401-BA7C-4B93-BF49-4755236A67DB}.Debug|Any CPU.ActiveCfg = Debug|Any CPU
		{0EA88401-BA7C-4B93-BF49-4755236A67DB}.Debug|Any CPU.Build.0 = Debug|Any CPU
		{0EA88401-BA7C-4B93-BF49-4755236A67DB}.Release|Any CPU.ActiveCfg = Release|Any CPU
		{0EA88401-BA7C-4B93-BF49-4755236A67DB}.Release|Any CPU.Build.0 = Release|Any CPU
		{E556143C-EF81-4DEA-9585-7BE5DC96C5F0}.Debug|Any CPU.ActiveCfg = Debug|Any CPU
		{E556143C-EF81-4DEA-9585-7BE5DC96C5F0}.Debug|Any CPU.Build.0 = Debug|Any CPU
		{E556143C-EF81-4DEA-9585-7BE5DC96C5F0}.Release|Any CPU.ActiveCfg = Release|Any CPU
		{E556143C-EF81-4DEA-9585-7BE5DC96C5F0}.Release|Any CPU.Build.0 = Release|Any CPU
		{9B7EBBCD-E9A4-484F-A925-8F761B7E30A6}.Debug|Any CPU.ActiveCfg = Debug|Any CPU
		{9B7EBBCD-E9A4-484F-A925-8F761B7E30A6}.Debug|Any CPU.Build.0 = Debug|Any CPU
		{9B7EBBCD-E9A4-484F-A925-8F761B7E30A6}.Release|Any CPU.ActiveCfg = Release|Any CPU
		{9B7EBBCD-E9A4-484F-A925-8F761B7E30A6}.Release|Any CPU.Build.0 = Release|Any CPU
		{96D40AB3-14FB-4139-A16B-66052BE33DAF}.Debug|Any CPU.ActiveCfg = Debug|Any CPU
		{96D40AB3-14FB-4139-A16B-66052BE33DAF}.Debug|Any CPU.Build.0 = Debug|Any CPU
		{96D40AB3-14FB-4139-A16B-66052BE33DAF}.Release|Any CPU.ActiveCfg = Release|Any CPU
		{96D40AB3-14FB-4139-A16B-66052BE33DAF}.Release|Any CPU.Build.0 = Release|Any CPU
	EndGlobalSection
EndGlobal
